# This file is automatically @generated by Poetry 1.7.1 and should not be changed by hand.

[[package]]
name = "cx-freeze"
version = "7.2.0"
description = "Create standalone executables from Python scripts"
optional = false
python-versions = ">=3.8"
files = [
    {file = "cx_Freeze-7.2.0-cp310-cp310-macosx_10_9_x86_64.whl", hash = "sha256:f843263c0faab92f71a5650f9676806378b0d2cfe5902cb2cefb3dce20a275ac"},
    {file = "cx_Freeze-7.2.0-cp310-cp310-manylinux_2_17_aarch64.manylinux2014_aarch64.whl", hash = "sha256:37df5c5184bde8a7512e08bb0c6ee72b7d26b7a72fdb71454d63530ea440ab84"},
    {file = "cx_Freeze-7.2.0-cp310-cp310-manylinux_2_17_ppc64le.manylinux2014_ppc64le.whl", hash = "sha256:aa95b50e3746cb534a53023e3b7393b6b39ab039885302dcaeab4245066656b5"},
    {file = "cx_Freeze-7.2.0-cp310-cp310-manylinux_2_17_x86_64.manylinux2014_x86_64.whl", hash = "sha256:3fcb9fb7016b28a969952761ed2ed730a8001941e29757379cc386f080bbe055"},
    {file = "cx_Freeze-7.2.0-cp310-cp310-musllinux_1_2_aarch64.whl", hash = "sha256:1c9d67de843ba748f2e52a5cf44f9f943e15ad8ec3bb590f767613b20ac24882"},
    {file = "cx_Freeze-7.2.0-cp310-cp310-musllinux_1_2_ppc64le.whl", hash = "sha256:11b86b7e5f307e67a76a8f164b9b8b0a3745418b495e6f59abd0fdfeaab206f7"},
    {file = "cx_Freeze-7.2.0-cp310-cp310-musllinux_1_2_x86_64.whl", hash = "sha256:9fbd82cdd0739daf9009c5ba0110f758f586391a00a624db94f81f3531178ea5"},
    {file = "cx_Freeze-7.2.0-cp310-cp310-win32.whl", hash = "sha256:ecea5246805c063a1d782e446c811a3c517918770fa04678637dc0f356449489"},
    {file = "cx_Freeze-7.2.0-cp310-cp310-win_amd64.whl", hash = "sha256:ac48fe678f69b965b10c5f880609e0ec738777c109d45d77e139c76385ac4404"},
    {file = "cx_Freeze-7.2.0-cp311-cp311-macosx_10_9_universal2.whl", hash = "sha256:f0d518c75880a517b04a82258d935b9408874d7b27f6d8d20dc4d8818395d02e"},
    {file = "cx_Freeze-7.2.0-cp311-cp311-macosx_10_9_x86_64.whl", hash = "sha256:8437c18a129b0cf875f68697a56cd86c69698e6790a5d2c61f8b970bc512128b"},
    {file = "cx_Freeze-7.2.0-cp311-cp311-macosx_11_0_arm64.whl", hash = "sha256:dbd24c7f0f402c62bed9cfbf6e7dd7d65ef2a011d2576404d9cf2d2c113c1e48"},
    {file = "cx_Freeze-7.2.0-cp311-cp311-manylinux_2_17_aarch64.manylinux2014_aarch64.whl", hash = "sha256:e04a06dc36bfd38088879f5faab7de15c99f3daada524b8a816addb203ec9464"},
    {file = "cx_Freeze-7.2.0-cp311-cp311-manylinux_2_17_ppc64le.manylinux2014_ppc64le.whl", hash = "sha256:620635e86ef46872763be8b65b7c06f5f24943151e80013e3a37f312fe070895"},
    {file = "cx_Freeze-7.2.0-cp311-cp311-manylinux_2_17_x86_64.manylinux2014_x86_64.whl", hash = "sha256:7e84fb083182bcaab226b7a75d2069cefcf3e3181142b09b514d99a5ae4860c8"},
    {file = "cx_Freeze-7.2.0-cp311-cp311-musllinux_1_2_aarch64.whl", hash = "sha256:dd175db3069991b60a792ee17a2e2e4853bfbcfc0b1be976ebee04ed1098c101"},
    {file = "cx_Freeze-7.2.0-cp311-cp311-musllinux_1_2_ppc64le.whl", hash = "sha256:4030de54f227b5852155d86fc00f86a19e87d0470aa650ec4ddd06b06f270ceb"},
    {file = "cx_Freeze-7.2.0-cp311-cp311-musllinux_1_2_x86_64.whl", hash = "sha256:60eba74abdb2211b38263797342e95732ec96621a781b02e5ff909cdc9cf5be5"},
    {file = "cx_Freeze-7.2.0-cp311-cp311-win32.whl", hash = "sha256:d727df584a9b1548dbc478f036382b8cde94471e106d38fb9c45b238bf8af4d1"},
    {file = "cx_Freeze-7.2.0-cp311-cp311-win_amd64.whl", hash = "sha256:bb6d91342f7379ba76d8a07c263d1fba380f0044b13d3e4629e50cc8dd19b681"},
    {file = "cx_Freeze-7.2.0-cp312-cp312-macosx_10_9_universal2.whl", hash = "sha256:f7cf98f63c85fc2f947a7f68548136d60dfd7927a464d1cd38239a75b730f7f7"},
    {file = "cx_Freeze-7.2.0-cp312-cp312-macosx_10_9_x86_64.whl", hash = "sha256:7f988be0ad19be0df357102fae21553f36cc4f83b4e881888e3512d1a2bcb8ba"},
    {file = "cx_Freeze-7.2.0-cp312-cp312-macosx_11_0_arm64.whl", hash = "sha256:98491338f6dcf52f8ee4d872d08aeae0c91466a47383ad19d1332a565f7c4df8"},
    {file = "cx_Freeze-7.2.0-cp312-cp312-manylinux_2_17_aarch64.manylinux2014_aarch64.whl", hash = "sha256:51a2f286ff58e04510b6af87c055b6fca36045a0fb785cd966f38aa70f86c3ce"},
    {file = "cx_Freeze-7.2.0-cp312-cp312-manylinux_2_17_ppc64le.manylinux2014_ppc64le.whl", hash = "sha256:43e6c1ccaf9be9010a0e8a8c33edc7671dd0a6f8c49ab2bcd9f49ce0960089e0"},
    {file = "cx_Freeze-7.2.0-cp312-cp312-manylinux_2_17_x86_64.manylinux2014_x86_64.whl", hash = "sha256:64c3f734cff3620d5ecc474d59a753cae52ba96b52e0a9ade803a70699be1bc1"},
    {file = "cx_Freeze-7.2.0-cp312-cp312-musllinux_1_2_aarch64.whl", hash = "sha256:d68f2ec4c0c456c6f1ca5e623f240f27fb63ae65970a16e04689863b03a16c7e"},
    {file = "cx_Freeze-7.2.0-cp312-cp312-musllinux_1_2_ppc64le.whl", hash = "sha256:77e2362f075b242a99e041afb9a49693a60c102b9b1df67f6387c87fde02e34f"},
    {file = "cx_Freeze-7.2.0-cp312-cp312-musllinux_1_2_x86_64.whl", hash = "sha256:a51b97024401d5cfaa392caef8b150bf91e62c0fdcb6a68372959c6ff28349d3"},
    {file = "cx_Freeze-7.2.0-cp312-cp312-win32.whl", hash = "sha256:19fb97c8481266931c5fd5cc380b12fb09053258413ebaf6760d5063e5ffde41"},
    {file = "cx_Freeze-7.2.0-cp312-cp312-win_amd64.whl", hash = "sha256:e61692176a8803e0853ca115cede397942c1cee9e20c8eb5798613d0b92dd75d"},
    {file = "cx_Freeze-7.2.0-cp38-cp38-macosx_10_9_x86_64.whl", hash = "sha256:5ed93d21a7962cc2886fb6e9e7d53fec67d6da02ff8088c9007a03835adc0240"},
    {file = "cx_Freeze-7.2.0-cp38-cp38-manylinux_2_17_x86_64.manylinux2014_x86_64.whl", hash = "sha256:b00302fc33f279f7dbca764bdb60247d609e3b424ff31198512c6eeb8cdda17b"},
    {file = "cx_Freeze-7.2.0-cp38-cp38-musllinux_1_2_x86_64.whl", hash = "sha256:e97745e663450871736f06321fc732b440628cff397f8ddbef05ffbc355b2f5d"},
    {file = "cx_Freeze-7.2.0-cp38-cp38-win32.whl", hash = "sha256:b7a0c2cced3fa9cf3b0cb4b67064b3ed2db1edec3186d75270ee0c01ed31cf54"},
    {file = "cx_Freeze-7.2.0-cp38-cp38-win_amd64.whl", hash = "sha256:96046d864e03d4241e869fa5e3ae186be1fbdc170d77125fe36185c7a0108f6f"},
    {file = "cx_Freeze-7.2.0-cp39-cp39-macosx_10_9_x86_64.whl", hash = "sha256:36285f3367f4d220632c572f37140bdacb2020bdf7b166ee707e3e2351338955"},
    {file = "cx_Freeze-7.2.0-cp39-cp39-manylinux_2_17_x86_64.manylinux2014_x86_64.whl", hash = "sha256:717915dfa25730b57166b25d392c83d41e3f655c8996d473ba0368aec2a9d262"},
    {file = "cx_Freeze-7.2.0-cp39-cp39-musllinux_1_2_x86_64.whl", hash = "sha256:afc91a24eccfe14f1853c93e78656772710ed754f7cc5ecb9761b6250a540848"},
    {file = "cx_Freeze-7.2.0-cp39-cp39-win32.whl", hash = "sha256:166b93473e86b926db7ab26e7d83504e8330df07af44cc090ebcad40e3158417"},
    {file = "cx_Freeze-7.2.0-cp39-cp39-win_amd64.whl", hash = "sha256:4a91284a925df800e0dbb324c51ab4fd7bd0ea708f280d94a2a10cf564c28cbe"},
    {file = "cx_freeze-7.2.0.tar.gz", hash = "sha256:c57f7101b4d35132464b1ec88cb8948c3b7c5b4ece4bb354c16091589cb33583"},
]

[package.dependencies]
cx-Logging = {version = ">=3.1", markers = "sys_platform == \"win32\""}
dmgbuild = {version = ">=1.6.1", markers = "sys_platform == \"darwin\""}
filelock = {version = ">=3.12.3", markers = "sys_platform == \"linux\""}
lief = {version = ">=0.12.0,<0.15.0", markers = "sys_platform == \"win32\""}
patchelf = {version = ">=0.14", markers = "sys_platform == \"linux\" and (platform_machine == \"aarch64\" or platform_machine == \"armv7l\" or platform_machine == \"i686\" or platform_machine == \"ppc64le\" or platform_machine == \"s390x\" or platform_machine == \"x86_64\")"}
setuptools = ">=65.6.3,<71"
wheel = ">=0.42.0,<=0.43.0"

[package.extras]
dev = ["bump-my-version (==0.24.2)", "cibuildwheel (==2.19.2)", "pre-commit (==3.5.0)", "pre-commit (==3.7.1)"]
doc = ["furo (==2024.5.6)", "myst-parser (==3.0.1)", "sphinx (==7.3.7)", "sphinx-new-tab-link (==0.5.0)", "sphinx-tabs (==3.4.5)"]
test = ["coverage (==7.6.0)", "pluggy (==1.5.0)", "pytest (==8.2.2)", "pytest-cov (==5.0.0)", "pytest-datafiles (==3.0.0)", "pytest-mock (==3.14.0)", "pytest-timeout (==2.3.1)", "pytest-xdist[psutil] (==3.6.1)"]

[[package]]
name = "cx-logging"
version = "3.2.0"
description = "Python and C interfaces for logging"
optional = false
python-versions = ">=3.8"
files = [
    {file = "cx_Logging-3.2.0-cp310-cp310-manylinux_2_17_aarch64.manylinux2014_aarch64.whl", hash = "sha256:d40c1a4dcd54eff3335f34a2f9af9e29f29b45441fa99f90d6710ffae130a826"},
    {file = "cx_Logging-3.2.0-cp310-cp310-manylinux_2_17_x86_64.manylinux2014_x86_64.whl", hash = "sha256:705c1baf94ac49ba7bc807deeef18e1613b27ebdfacb15ab5702ec07f5f04446"},
    {file = "cx_Logging-3.2.0-cp310-cp310-win32.whl", hash = "sha256:3a0e153c9ed70ea5f8cea27c34052fd815d93d0858c7867f926274b5ccb04ee5"},
    {file = "cx_Logging-3.2.0-cp310-cp310-win_amd64.whl", hash = "sha256:20ff0e7ee0da525ca8b31bd4af49819aee220307896f98a68d8794a5c1f6fde2"},
    {file = "cx_Logging-3.2.0-cp311-cp311-manylinux_2_17_aarch64.manylinux2014_aarch64.whl", hash = "sha256:369dc509e65ceb3244281e89a8db99a7d67bde524d7bc9ab650282d44e153a06"},
    {file = "cx_Logging-3.2.0-cp311-cp311-manylinux_2_17_x86_64.manylinux2014_x86_64.whl", hash = "sha256:12e7713ffed11d7020b35623470c24af3223175ae38ea93797712e55219648e1"},
    {file = "cx_Logging-3.2.0-cp311-cp311-win32.whl", hash = "sha256:77449b6c48902ec24d876643d66a37d841c6aa425f4f0ae7ff64bf53e3565e11"},
    {file = "cx_Logging-3.2.0-cp311-cp311-win_amd64.whl", hash = "sha256:e0cfcd5c88694e062465db50410be53ce5a957ad3d50b90a8f4bd03c98f73c7b"},
    {file = "cx_Logging-3.2.0-cp312-cp312-manylinux_2_17_aarch64.manylinux2014_aarch64.whl", hash = "sha256:031fe74ca61bf6084d64e835a7801b3c8d8758737fcadae234ba8b09a16d1368"},
    {file = "cx_Logging-3.2.0-cp312-cp312-manylinux_2_17_x86_64.manylinux2014_x86_64.whl", hash = "sha256:2d29550bec4fdd7ce05b23ae6d3539a33060feb24ff39d5cbb89925d59b018b7"},
    {file = "cx_Logging-3.2.0-cp312-cp312-win32.whl", hash = "sha256:4328097f6034be241e02146af8e199382e7f30019272c26768e4cd3e5122d3f9"},
    {file = "cx_Logging-3.2.0-cp312-cp312-win_amd64.whl", hash = "sha256:2496386a36f63233fe77e7e68539910b9429df2f922be1af71309be59dca11f3"},
    {file = "cx_Logging-3.2.0-cp38-cp38-manylinux_2_17_aarch64.manylinux2014_aarch64.whl", hash = "sha256:03b725bbbe455a87c92c125e246a8c0c1f44bb20c7af0048e4c209cfc2a1a180"},
    {file = "cx_Logging-3.2.0-cp38-cp38-manylinux_2_17_x86_64.manylinux2014_x86_64.whl", hash = "sha256:ac2957603ec1b1d3f7274b834ade52fb3004e0d4b9e3414b8593c60de5e3cf39"},
    {file = "cx_Logging-3.2.0-cp38-cp38-win32.whl", hash = "sha256:08bf89fa288c4aae9ad34534813aea1e275beb052bc40c7e4ef76862954c61b7"},
    {file = "cx_Logging-3.2.0-cp38-cp38-win_amd64.whl", hash = "sha256:e7c883b1cfd76a44ded9677333bebb01e50970b52bdc5746cc2f45a661cebb7a"},
    {file = "cx_Logging-3.2.0-cp39-cp39-manylinux_2_17_aarch64.manylinux2014_aarch64.whl", hash = "sha256:00f23737f81d6b88a74b4f33bce5ea114283aab153a0d6c290b0626e5deb7978"},
    {file = "cx_Logging-3.2.0-cp39-cp39-manylinux_2_17_x86_64.manylinux2014_x86_64.whl", hash = "sha256:1f40486414ba63fef003167c6942a08fd699b3197d359ca56441ddf2d82a7e6d"},
    {file = "cx_Logging-3.2.0-cp39-cp39-win32.whl", hash = "sha256:7d85861c70012c24415e488cff14ec6ba029d097b4d2b4d3effd6a5b1d5ce287"},
    {file = "cx_Logging-3.2.0-cp39-cp39-win_amd64.whl", hash = "sha256:aafd5c2156751e473b4a8d331d01e70e872b235068da2158a29e377777baac63"},
    {file = "cx_Logging-3.2.0.tar.gz", hash = "sha256:bdbad6d2e6a0cc5bef962a34d7aa1232e88ea9f3541d6e2881675b5e7eab5502"},
]

[[package]]
name = "debugpy"
version = "1.8.5"
description = "An implementation of the Debug Adapter Protocol for Python"
optional = false
python-versions = ">=3.8"
files = [
    {file = "debugpy-1.8.5-cp310-cp310-macosx_12_0_x86_64.whl", hash = "sha256:7e4d594367d6407a120b76bdaa03886e9eb652c05ba7f87e37418426ad2079f7"},
    {file = "debugpy-1.8.5-cp310-cp310-manylinux_2_17_x86_64.manylinux2014_x86_64.whl", hash = "sha256:4413b7a3ede757dc33a273a17d685ea2b0c09dbd312cc03f5534a0fd4d40750a"},
    {file = "debugpy-1.8.5-cp310-cp310-win32.whl", hash = "sha256:dd3811bd63632bb25eda6bd73bea8e0521794cda02be41fa3160eb26fc29e7ed"},
    {file = "debugpy-1.8.5-cp310-cp310-win_amd64.whl", hash = "sha256:b78c1250441ce893cb5035dd6f5fc12db968cc07f91cc06996b2087f7cefdd8e"},
    {file = "debugpy-1.8.5-cp311-cp311-macosx_12_0_universal2.whl", hash = "sha256:606bccba19f7188b6ea9579c8a4f5a5364ecd0bf5a0659c8a5d0e10dcee3032a"},
    {file = "debugpy-1.8.5-cp311-cp311-manylinux_2_17_x86_64.manylinux2014_x86_64.whl", hash = "sha256:db9fb642938a7a609a6c865c32ecd0d795d56c1aaa7a7a5722d77855d5e77f2b"},
    {file = "debugpy-1.8.5-cp311-cp311-win32.whl", hash = "sha256:4fbb3b39ae1aa3e5ad578f37a48a7a303dad9a3d018d369bc9ec629c1cfa7408"},
    {file = "debugpy-1.8.5-cp311-cp311-win_amd64.whl", hash = "sha256:345d6a0206e81eb68b1493ce2fbffd57c3088e2ce4b46592077a943d2b968ca3"},
    {file = "debugpy-1.8.5-cp312-cp312-macosx_12_0_universal2.whl", hash = "sha256:5b5c770977c8ec6c40c60d6f58cacc7f7fe5a45960363d6974ddb9b62dbee156"},
    {file = "debugpy-1.8.5-cp312-cp312-manylinux_2_5_x86_64.manylinux1_x86_64.manylinux_2_17_x86_64.manylinux2014_x86_64.whl", hash = "sha256:c0a65b00b7cdd2ee0c2cf4c7335fef31e15f1b7056c7fdbce9e90193e1a8c8cb"},
    {file = "debugpy-1.8.5-cp312-cp312-win32.whl", hash = "sha256:c9f7c15ea1da18d2fcc2709e9f3d6de98b69a5b0fff1807fb80bc55f906691f7"},
    {file = "debugpy-1.8.5-cp312-cp312-win_amd64.whl", hash = "sha256:28ced650c974aaf179231668a293ecd5c63c0a671ae6d56b8795ecc5d2f48d3c"},
    {file = "debugpy-1.8.5-cp38-cp38-macosx_12_0_x86_64.whl", hash = "sha256:3df6692351172a42af7558daa5019651f898fc67450bf091335aa8a18fbf6f3a"},
    {file = "debugpy-1.8.5-cp38-cp38-manylinux_2_17_x86_64.manylinux2014_x86_64.whl", hash = "sha256:1cd04a73eb2769eb0bfe43f5bfde1215c5923d6924b9b90f94d15f207a402226"},
    {file = "debugpy-1.8.5-cp38-cp38-win32.whl", hash = "sha256:8f913ee8e9fcf9d38a751f56e6de12a297ae7832749d35de26d960f14280750a"},
    {file = "debugpy-1.8.5-cp38-cp38-win_amd64.whl", hash = "sha256:a697beca97dad3780b89a7fb525d5e79f33821a8bc0c06faf1f1289e549743cf"},
    {file = "debugpy-1.8.5-cp39-cp39-macosx_12_0_x86_64.whl", hash = "sha256:0a1029a2869d01cb777216af8c53cda0476875ef02a2b6ff8b2f2c9a4b04176c"},
    {file = "debugpy-1.8.5-cp39-cp39-manylinux_2_17_x86_64.manylinux2014_x86_64.whl", hash = "sha256:e84c276489e141ed0b93b0af648eef891546143d6a48f610945416453a8ad406"},
    {file = "debugpy-1.8.5-cp39-cp39-win32.whl", hash = "sha256:ad84b7cde7fd96cf6eea34ff6c4a1b7887e0fe2ea46e099e53234856f9d99a34"},
    {file = "debugpy-1.8.5-cp39-cp39-win_amd64.whl", hash = "sha256:7b0fe36ed9d26cb6836b0a51453653f8f2e347ba7348f2bbfe76bfeb670bfb1c"},
    {file = "debugpy-1.8.5-py2.py3-none-any.whl", hash = "sha256:55919dce65b471eff25901acf82d328bbd5b833526b6c1364bd5133754777a44"},
    {file = "debugpy-1.8.5.zip", hash = "sha256:b2112cfeb34b4507399d298fe7023a16656fc553ed5246536060ca7bd0e668d0"},
]

[[package]]
name = "dmgbuild"
version = "1.6.2"
description = "macOS command line utility to build disk images"
optional = false
python-versions = ">=3.8"
files = [
    {file = "dmgbuild-1.6.2-py3-none-any.whl", hash = "sha256:f78200b992027ccd2aa63872ed6ed11464e9149249303b8eee477e65280993d1"},
    {file = "dmgbuild-1.6.2.tar.gz", hash = "sha256:dba01d29f10c6804f2d72301600ddd03724daa41cd21a95409c44a3e199b19aa"},
]

[package.dependencies]
ds-store = ">=1.1.0"
mac-alias = ">=2.0.1"

[package.extras]
dev = ["coverage (==7.6.0)", "pre-commit (==3.5.0)", "pre-commit (==3.8.0)", "pytest (==8.3.2)", "pytest-cov (==5.0.0)", "tox (==4.16.0)"]
docs = ["sphinx (==7.1.2)", "sphinx (==7.4.7)", "sphinx-autobuild (==2021.3.14)", "sphinx-autobuild (==2024.4.16)", "sphinx-rtd-theme (==2.0.0)"]

[[package]]
name = "ds-store"
version = "1.3.1"
description = "Manipulate Finder .DS_Store files from Python"
optional = false
python-versions = ">=3.7"
files = [
    {file = "ds_store-1.3.1-py3-none-any.whl", hash = "sha256:fbacbb0bd5193ab3e66e5a47fff63619f15e374ffbec8ae29744251a6c8f05b5"},
    {file = "ds_store-1.3.1.tar.gz", hash = "sha256:c27d413caf13c19acb85d75da4752673f1f38267f9eb6ba81b3b5aa99c2d207c"},
]

[package.dependencies]
mac-alias = ">=2.0.1"

[package.extras]
dev = ["pre-commit", "tox"]
docs = ["sphinx", "sphinx-autobuild", "sphinx-rtd-theme"]
test = ["pytest", "pytest-cov", "pytest-tldr"]

[[package]]
name = "filelock"
version = "3.15.4"
description = "A platform independent file lock."
optional = false
python-versions = ">=3.8"
files = [
    {file = "filelock-3.15.4-py3-none-any.whl", hash = "sha256:6ca1fffae96225dab4c6eaf1c4f4f28cd2568d3ec2a44e15a08520504de468e7"},
    {file = "filelock-3.15.4.tar.gz", hash = "sha256:2207938cbc1844345cb01a5a95524dae30f0ce089eba5b00378295a17e3e90cb"},
]

[package.extras]
docs = ["furo (>=2023.9.10)", "sphinx (>=7.2.6)", "sphinx-autodoc-typehints (>=1.25.2)"]
testing = ["covdefaults (>=2.3)", "coverage (>=7.3.2)", "diff-cover (>=8.0.1)", "pytest (>=7.4.3)", "pytest-asyncio (>=0.21)", "pytest-cov (>=4.1)", "pytest-mock (>=3.12)", "pytest-timeout (>=2.2)", "virtualenv (>=20.26.2)"]
typing = ["typing-extensions (>=4.8)"]

[[package]]
name = "flake8"
version = "7.1.1"
description = "the modular source code checker: pep8 pyflakes and co"
optional = false
python-versions = ">=3.8.1"
files = [
    {file = "flake8-7.1.1-py2.py3-none-any.whl", hash = "sha256:597477df7860daa5aa0fdd84bf5208a043ab96b8e96ab708770ae0364dd03213"},
    {file = "flake8-7.1.1.tar.gz", hash = "sha256:049d058491e228e03e67b390f311bbf88fce2dbaa8fa673e7aea87b7198b8d38"},
]

[package.dependencies]
mccabe = ">=0.7.0,<0.8.0"
pycodestyle = ">=2.12.0,<2.13.0"
pyflakes = ">=3.2.0,<3.3.0"

[[package]]
name = "lief"
version = "0.14.1"
description = "Library to instrument executable formats"
optional = false
python-versions = ">=3.8"
files = [
    {file = "lief-0.14.1-cp310-cp310-macosx_11_0_arm64.whl", hash = "sha256:7a9a94882f9af110fb01b4558a58941d2352b9a4ae3fef15570a3fab921ff462"},
    {file = "lief-0.14.1-cp310-cp310-macosx_11_0_x86_64.whl", hash = "sha256:bcc06f24f64fa6f20372d625ce60c40a7a6f669e11bdd02c2f0b8c5c6d09a5ee"},
    {file = "lief-0.14.1-cp310-cp310-manylinux2014_aarch64.whl", hash = "sha256:d22f804eee7f1b4a4b37e7a3d35e2003c4c054f3450d40389e54c8ac9fc2a5db"},
    {file = "lief-0.14.1-cp310-cp310-manylinux_2_28_x86_64.manylinux_2_27_x86_64.whl", hash = "sha256:26134815adecfd7f15dfbdf12cc64df25bcf3d0db917cf115fc3b296d09be496"},
    {file = "lief-0.14.1-cp310-cp310-win32.whl", hash = "sha256:6ca0220189698599df30b8044f43fb1fc7ba919fb9ef6047c892f9faee16393a"},
    {file = "lief-0.14.1-cp310-cp310-win_amd64.whl", hash = "sha256:c321234b50997c217107c09e69f53518c37fac637f8735c968c258dd4c748fb2"},
    {file = "lief-0.14.1-cp311-cp311-macosx_11_0_arm64.whl", hash = "sha256:3ca365c704c6b6b1ce631b92fea2eddaf93d66c897a0ec4ab51e9ab9e3345920"},
    {file = "lief-0.14.1-cp311-cp311-macosx_11_0_x86_64.whl", hash = "sha256:1f3c40eadff07a4c8fa74f1e268f9fa70b68f39b6795a00cd82160ca6782d5c3"},
    {file = "lief-0.14.1-cp311-cp311-manylinux2014_aarch64.whl", hash = "sha256:c202ed13b641db2e1f8a24743fb0c85595b32ea92cc3c517d3f7a9977e16dcb4"},
    {file = "lief-0.14.1-cp311-cp311-manylinux_2_28_x86_64.manylinux_2_27_x86_64.whl", hash = "sha256:fd481bfdfef04e8be4d200bca771d0d9394d9146c6cd403f9e58c80c4196a24e"},
    {file = "lief-0.14.1-cp311-cp311-win32.whl", hash = "sha256:473e9a37beef8db8bab1a777271aa49cce44dfe35af65cb8fad576377518c0bd"},
    {file = "lief-0.14.1-cp311-cp311-win_amd64.whl", hash = "sha256:24f687244e14d4a8307430babc5c712a1dd4e519172886ad4aeb9825f88f7569"},
    {file = "lief-0.14.1-cp312-cp312-macosx_11_0_arm64.whl", hash = "sha256:6df40e3750b8b26f88a6b28ac01db7338cdb6158f28363c755bf36452ce20d28"},
    {file = "lief-0.14.1-cp312-cp312-macosx_11_0_x86_64.whl", hash = "sha256:e7f7a55db2fcf269569f9e9fa5ea752620396de17bd9d29fc8b29e176975ecdb"},
    {file = "lief-0.14.1-cp312-cp312-manylinux2014_aarch64.whl", hash = "sha256:50795b51884b76a78c481d6d069d992561c217180bd81cf12554180389eff0a3"},
    {file = "lief-0.14.1-cp312-cp312-manylinux_2_28_x86_64.manylinux_2_27_x86_64.whl", hash = "sha256:497b88f9c9aaae999766ba188744ee35c5f38b4b64016f7dbb7037e9bf325382"},
    {file = "lief-0.14.1-cp312-cp312-win32.whl", hash = "sha256:08bad88083f696915f8dcda4042a3bfc514e17462924ec8984085838b2261921"},
    {file = "lief-0.14.1-cp312-cp312-win_amd64.whl", hash = "sha256:e131d6158a085f8a72124136816fefc29405c725cd3695ce22a904e471f0f815"},
    {file = "lief-0.14.1-cp313-cp313-manylinux_2_28_x86_64.manylinux_2_27_x86_64.whl", hash = "sha256:f9ff9a6959fb6d0e553cca41cd1027b609d27c5073e98d9fad8b774fbb5746c2"},
    {file = "lief-0.14.1-cp313-cp313-win32.whl", hash = "sha256:95f295a7cc68f4e14ce7ea4ff8082a04f5313c2e5e63cc2bbe9d059190b7e4d5"},
    {file = "lief-0.14.1-cp313-cp313-win_amd64.whl", hash = "sha256:cdc1123c2e27970f8c8353505fd578e634ab33193c8d1dff36dc159e25599a40"},
    {file = "lief-0.14.1-cp38-cp38-macosx_11_0_arm64.whl", hash = "sha256:df650fa05ca131e4dfeb42c77985e1eb239730af9944bc0aadb1dfac8576e0e8"},
    {file = "lief-0.14.1-cp38-cp38-macosx_11_0_x86_64.whl", hash = "sha256:b4e76eeb48ca2925c6ca6034d408582615f2faa855f9bb11482e7acbdecc4803"},
    {file = "lief-0.14.1-cp38-cp38-manylinux2014_aarch64.whl", hash = "sha256:016e4fac91303466024154dd3c4b599e8b7c52882f72038b62a2be386d98c8f9"},
    {file = "lief-0.14.1-cp38-cp38-manylinux_2_28_x86_64.manylinux_2_27_x86_64.whl", hash = "sha256:9a5c7732a3ce53b306c8180ab64fdfb36d8cd9df91aedd9e2b4dad9faf47492b"},
    {file = "lief-0.14.1-cp38-cp38-win32.whl", hash = "sha256:7030c22a4446ea2ac673fd50128e9c639121c0a4dae11ca1cd8cc20d62d26e7e"},
    {file = "lief-0.14.1-cp38-cp38-win_amd64.whl", hash = "sha256:4a35ceeee74bb9bb4c7171f4bca814576a3aa6dec16a0a9469e5743db0a9ba0c"},
    {file = "lief-0.14.1-cp39-cp39-macosx_11_0_arm64.whl", hash = "sha256:abb15e4de34e70661fd35e87e2634abf0ae57a8c8ac78d02ad4259f5a5817e26"},
    {file = "lief-0.14.1-cp39-cp39-macosx_11_0_x86_64.whl", hash = "sha256:33d062340c709c1a33539d221ea3cb764cbb8d7c9ee8aae28bf9797bc8715a0b"},
    {file = "lief-0.14.1-cp39-cp39-manylinux2014_aarch64.whl", hash = "sha256:66deb1b26de43acb2fd0b2fc5e6be70093eaaa93797332cc4613e163164c77e7"},
    {file = "lief-0.14.1-cp39-cp39-manylinux_2_28_x86_64.manylinux_2_27_x86_64.whl", hash = "sha256:c1c15bd3e5b15da6dcc0ba75d5549f15bfbf9214c0d8e3938f85877a40c352d9"},
    {file = "lief-0.14.1-cp39-cp39-win32.whl", hash = "sha256:ebcbe4eadd33d8cf2c6015f44d6c9b72f81388af745938e633c4bb90262b2036"},
    {file = "lief-0.14.1-cp39-cp39-win_amd64.whl", hash = "sha256:2db3eb282a35daf51f89c6509226668a08fb6a6d1f507dd549dd9f077585db11"},
]

[[package]]
name = "mac-alias"
version = "2.2.2"
description = "Generate/parse Mac OS Alias records from Python"
optional = false
python-versions = ">=3.7"
files = [
    {file = "mac_alias-2.2.2-py3-none-any.whl", hash = "sha256:504ab8ac546f35bbd75ad014d6ad977c426660aa721f2cd3acf3dc2f664141bd"},
    {file = "mac_alias-2.2.2.tar.gz", hash = "sha256:c99c728eb512e955c11f1a6203a0ffa8883b26549e8afe68804031aa5da856b7"},
]

[package.extras]
dev = ["pre-commit", "tox"]
docs = ["sphinx", "sphinx-autobuild", "sphinx-rtd-theme"]
test = ["pytest", "pytest-cov", "pytest-tldr"]

[[package]]
name = "mccabe"
version = "0.7.0"
description = "McCabe checker, plugin for flake8"
optional = false
python-versions = ">=3.6"
files = [
    {file = "mccabe-0.7.0-py2.py3-none-any.whl", hash = "sha256:6c2d30ab6be0e4a46919781807b4f0d834ebdd6c6e3dca0bda5a15f863427b6e"},
    {file = "mccabe-0.7.0.tar.gz", hash = "sha256:348e0240c33b60bbdf4e523192ef919f28cb2c3d7d5c7794f74009290f236325"},
]

[[package]]
name = "patchelf"
version = "0.17.2.1"
description = "A small utility to modify the dynamic linker and RPATH of ELF executables."
optional = false
python-versions = "*"
files = [
    {file = "patchelf-0.17.2.1-py2.py3-none-manylinux_2_17_aarch64.manylinux2014_aarch64.musllinux_1_1_aarch64.whl", hash = "sha256:fc329da0e8f628bd836dfb8eaf523547e342351fa8f739bf2b3fe4a6db5a297c"},
    {file = "patchelf-0.17.2.1-py2.py3-none-manylinux_2_17_armv7l.manylinux2014_armv7l.musllinux_1_1_armv7l.whl", hash = "sha256:ccb266a94edf016efe80151172c26cff8c2ec120a57a1665d257b0442784195d"},
    {file = "patchelf-0.17.2.1-py2.py3-none-manylinux_2_17_ppc64le.manylinux2014_ppc64le.musllinux_1_1_ppc64le.whl", hash = "sha256:f47b5bdd6885cfb20abdd14c707d26eb6f499a7f52e911865548d4aa43385502"},
    {file = "patchelf-0.17.2.1-py2.py3-none-manylinux_2_17_s390x.manylinux2014_s390x.musllinux_1_1_s390x.whl", hash = "sha256:a9e6ebb0874a11f7ed56d2380bfaa95f00612b23b15f896583da30c2059fcfa8"},
    {file = "patchelf-0.17.2.1-py2.py3-none-manylinux_2_5_i686.manylinux1_i686.musllinux_1_1_i686.whl", hash = "sha256:3c8d58f0e4c1929b1c7c45ba8da5a84a8f1aa6a82a46e1cfb2e44a4d40f350e5"},
    {file = "patchelf-0.17.2.1-py2.py3-none-manylinux_2_5_x86_64.manylinux1_x86_64.musllinux_1_1_x86_64.whl", hash = "sha256:d1a9bc0d4fd80c038523ebdc451a1cce75237cfcc52dbd1aca224578001d5927"},
    {file = "patchelf-0.17.2.1.tar.gz", hash = "sha256:a6eb0dd452ce4127d0d5e1eb26515e39186fa609364274bc1b0b77539cfa7031"},
]

[package.extras]
test = ["importlib-metadata", "pytest"]

[[package]]
name = "pep8-naming"
version = "0.14.1"
description = "Check PEP-8 naming conventions, plugin for flake8"
optional = false
python-versions = ">=3.8"
files = [
    {file = "pep8-naming-0.14.1.tar.gz", hash = "sha256:1ef228ae80875557eb6c1549deafed4dabbf3261cfcafa12f773fe0db9be8a36"},
    {file = "pep8_naming-0.14.1-py3-none-any.whl", hash = "sha256:63f514fc777d715f935faf185dedd679ab99526a7f2f503abb61587877f7b1c5"},
]

[package.dependencies]
flake8 = ">=5.0.0"

[[package]]
name = "pycodestyle"
version = "2.12.1"
description = "Python style guide checker"
optional = false
python-versions = ">=3.8"
files = [
    {file = "pycodestyle-2.12.1-py2.py3-none-any.whl", hash = "sha256:46f0fb92069a7c28ab7bb558f05bfc0110dac69a0cd23c61ea0040283a9d78b3"},
    {file = "pycodestyle-2.12.1.tar.gz", hash = "sha256:6838eae08bbce4f6accd5d5572075c63626a15ee3e6f842df996bf62f6d73521"},
]

[[package]]
name = "pyflakes"
version = "3.2.0"
description = "passive checker of Python programs"
optional = false
python-versions = ">=3.8"
files = [
    {file = "pyflakes-3.2.0-py2.py3-none-any.whl", hash = "sha256:84b5be138a2dfbb40689ca07e2152deb896a65c3a3e24c251c5c62489568074a"},
    {file = "pyflakes-3.2.0.tar.gz", hash = "sha256:1c61603ff154621fb2a9172037d84dca3500def8c8b630657d1701f026f8af3f"},
]

[[package]]
name = "pygame"
version = "2.6.0"
description = "Python Game Development"
optional = false
python-versions = ">=3.6"
files = [
    {file = "pygame-2.6.0-cp310-cp310-macosx_10_9_x86_64.whl", hash = "sha256:e5707aa9d029752495b3eddc1edff62e0e390a02f699b0f1ce77fe0b8c70ea4f"},
    {file = "pygame-2.6.0-cp310-cp310-macosx_11_0_arm64.whl", hash = "sha256:d3ed0547368733b854c0d9981c982a3cdfabfa01b477d095c57bf47f2199da44"},
    {file = "pygame-2.6.0-cp310-cp310-manylinux_2_17_aarch64.manylinux2014_aarch64.whl", hash = "sha256:6050f3e95f1f16602153d616b52619c6a2041cee7040eb529f65689e9633fc3e"},
    {file = "pygame-2.6.0-cp310-cp310-manylinux_2_17_i686.manylinux2014_i686.whl", hash = "sha256:89be55b7e9e22e0eea08af9d6cfb97aed5da780f0b3a035803437d481a16d972"},
    {file = "pygame-2.6.0-cp310-cp310-manylinux_2_17_x86_64.manylinux2014_x86_64.whl", hash = "sha256:7d65fb222eea1294cfc8206d9e5754d476a1673eb2783c03c4f70e0455320274"},
    {file = "pygame-2.6.0-cp310-cp310-win32.whl", hash = "sha256:71eebb9803cb350298de188fb7cdd3ebf13299f78d59a71c7e81efc649aae348"},
    {file = "pygame-2.6.0-cp310-cp310-win_amd64.whl", hash = "sha256:1551852a2cd5b4139a752888f6cbeeb4a96fc0fe6e6f3f8b9d9784eb8fceab13"},
    {file = "pygame-2.6.0-cp311-cp311-macosx_10_9_x86_64.whl", hash = "sha256:f6e5e6c010b1bf429388acf4d41d7ab2f7ad8fbf241d0db822102d35c9a2eb84"},
    {file = "pygame-2.6.0-cp311-cp311-macosx_11_0_arm64.whl", hash = "sha256:99902f4a2f6a338057200d99b5120a600c27a9f629ca012a9b0087c045508d08"},
    {file = "pygame-2.6.0-cp311-cp311-manylinux_2_17_aarch64.manylinux2014_aarch64.whl", hash = "sha256:6a284664978a1989c1e31a0888b2f70cfbcbafdfa3bb310e750b0d3366416225"},
    {file = "pygame-2.6.0-cp311-cp311-manylinux_2_17_i686.manylinux2014_i686.whl", hash = "sha256:829623cee298b3dbaa1dd9f52c3051ae82f04cad7708c8c67cb9a1a4b8fd3c0b"},
    {file = "pygame-2.6.0-cp311-cp311-manylinux_2_17_x86_64.manylinux2014_x86_64.whl", hash = "sha256:6acf7949ed764487d51123f4f3606e8f76b0df167fef12ef73ef423c35fdea39"},
    {file = "pygame-2.6.0-cp311-cp311-win32.whl", hash = "sha256:3f809560c99bd1fb4716610eca0cd36412528f03da1a63841a347b71d0c604ee"},
    {file = "pygame-2.6.0-cp311-cp311-win_amd64.whl", hash = "sha256:6897ab87f9193510a774a3483e00debfe166f340ca159f544ef99807e2a44ec4"},
    {file = "pygame-2.6.0-cp312-cp312-macosx_10_9_x86_64.whl", hash = "sha256:b834711ebc8b9d0c2a5f9bfae4403dd277b2c61bcb689e1aa630d01a1ebcf40a"},
    {file = "pygame-2.6.0-cp312-cp312-macosx_11_0_arm64.whl", hash = "sha256:b5ac288655e8a31a303cc286e79cc57979ed2ba19c3a14042d4b6391c1d3bed2"},
    {file = "pygame-2.6.0-cp312-cp312-manylinux_2_17_aarch64.manylinux2014_aarch64.whl", hash = "sha256:d666667b7826b0a7921b8ce0a282ba5281dfa106976c1a3b24e32a0af65ad3b1"},
    {file = "pygame-2.6.0-cp312-cp312-manylinux_2_17_i686.manylinux2014_i686.whl", hash = "sha256:fd8848a37a7cee37854c7efb8d451334477c9f8ce7ac339c079e724dc1334a76"},
    {file = "pygame-2.6.0-cp312-cp312-manylinux_2_17_x86_64.manylinux2014_x86_64.whl", hash = "sha256:315e7b3c1c573984f549ac5da9778ac4709b3b4e3a4061050d94eab63fa4fe31"},
    {file = "pygame-2.6.0-cp312-cp312-win32.whl", hash = "sha256:e44bde0840cc21a91c9d368846ac538d106cf0668be1a6030f48df139609d1e8"},
    {file = "pygame-2.6.0-cp312-cp312-win_amd64.whl", hash = "sha256:1c429824b1f881a7a5ce3b5c2014d3d182aa45a22cea33c8347a3971a5446907"},
    {file = "pygame-2.6.0-cp36-cp36m-macosx_10_9_x86_64.whl", hash = "sha256:b832200bd8b6fc485e087bf3ef7ec1a21437258536413a5386088f5dcd3a9870"},
    {file = "pygame-2.6.0-cp36-cp36m-manylinux_2_17_aarch64.manylinux2014_aarch64.whl", hash = "sha256:098029d01a46ea4e30620dfb7c28a577070b456c8fc96350dde05f85c0bf51b5"},
    {file = "pygame-2.6.0-cp36-cp36m-manylinux_2_17_i686.manylinux2014_i686.whl", hash = "sha256:a858bbdeac5ec473ec9e726c55fb8fbdc2f4aad7c55110e899883738071c7c9b"},
    {file = "pygame-2.6.0-cp36-cp36m-manylinux_2_17_x86_64.manylinux2014_x86_64.whl", hash = "sha256:6f908762941fd99e1f66d1211d26383184f6045c45673443138b214bf48a89aa"},
    {file = "pygame-2.6.0-cp36-cp36m-win32.whl", hash = "sha256:4a63daee99d050f47d6ec7fa7dbd1c6597b8f082cdd58b6918d382d2bc31262d"},
    {file = "pygame-2.6.0-cp36-cp36m-win_amd64.whl", hash = "sha256:ace471b3849d68968e5427fc01166ef5afaf552a5c442fc2c28d3b7226786f55"},
    {file = "pygame-2.6.0-cp37-cp37m-macosx_10_9_x86_64.whl", hash = "sha256:fea019713d0c89dfd5909225aa933010100035d1cd30e6c936e8b6f00529fb80"},
    {file = "pygame-2.6.0-cp37-cp37m-manylinux_2_17_aarch64.manylinux2014_aarch64.whl", hash = "sha256:249dbf2d51d9f0266009a380ccf0532e1a57614a1528bb2f89a802b01d61f93e"},
    {file = "pygame-2.6.0-cp37-cp37m-manylinux_2_17_i686.manylinux2014_i686.whl", hash = "sha256:8cb51533ee3204e8160600b0de34eaad70eb913a182c94a7777b6051e8fc52f1"},
    {file = "pygame-2.6.0-cp37-cp37m-manylinux_2_17_x86_64.manylinux2014_x86_64.whl", hash = "sha256:4f637636a44712e94e5601ec69160a080214626471983dfb0b5b68aa0c61563d"},
    {file = "pygame-2.6.0-cp37-cp37m-win32.whl", hash = "sha256:e432156b6f346f4cc6cab03ce9657600093390f4c9b10bf458716b25beebfe33"},
    {file = "pygame-2.6.0-cp37-cp37m-win_amd64.whl", hash = "sha256:a0194652db7874bdde7dfc69d659ca954544c012e04ae527151325bfb970f423"},
    {file = "pygame-2.6.0-cp38-cp38-macosx_10_9_x86_64.whl", hash = "sha256:eae3ee62cc172e268121d5bd9dc406a67094d33517de3a91de3323d6ae23eb02"},
    {file = "pygame-2.6.0-cp38-cp38-macosx_11_0_arm64.whl", hash = "sha256:f6a58b0a5a8740a3c2cf6fc5366888bd4514561253437f093c12a9ab4fb3ecae"},
    {file = "pygame-2.6.0-cp38-cp38-manylinux_2_17_aarch64.manylinux2014_aarch64.whl", hash = "sha256:c71da36997dc7b9b4ee973fa3a5d4a6cfb2149161b5b1c08b712d2f13a63ccfe"},
    {file = "pygame-2.6.0-cp38-cp38-manylinux_2_17_i686.manylinux2014_i686.whl", hash = "sha256:b86771801a7fc10d9a62218f27f1d5c13341c3a27394aa25578443a9cd199830"},
    {file = "pygame-2.6.0-cp38-cp38-manylinux_2_17_x86_64.manylinux2014_x86_64.whl", hash = "sha256:4928f3acf5a9ce5fbab384c21f1245304535ffd5fb167ae92a6b4d3cdb55a3b6"},
    {file = "pygame-2.6.0-cp38-cp38-win32.whl", hash = "sha256:4faab2df9926c4d31215986536b112f0d76f711cf02f395805f1ff5df8fd55fc"},
    {file = "pygame-2.6.0-cp38-cp38-win_amd64.whl", hash = "sha256:afbb8d97aed93dfb116fe105603dacb68f8dab05b978a40a9e4ab1b6c1f683fd"},
    {file = "pygame-2.6.0-cp39-cp39-macosx_10_9_x86_64.whl", hash = "sha256:d11f3646b53819892f4a731e80b8589a9140343d0d4b86b826802191b241228c"},
    {file = "pygame-2.6.0-cp39-cp39-macosx_11_0_arm64.whl", hash = "sha256:5ef92ed93c354eabff4b85e457d4d6980115004ec7ff52a19fd38b929c3b80fb"},
    {file = "pygame-2.6.0-cp39-cp39-manylinux_2_17_aarch64.manylinux2014_aarch64.whl", hash = "sha256:9bc1795f2e36302882546faacd5a0191463c4f4ae2b90e7c334a7733aa4190d2"},
    {file = "pygame-2.6.0-cp39-cp39-manylinux_2_17_i686.manylinux2014_i686.whl", hash = "sha256:e92294fcc85c4955fe5bc6a0404e4cc870808005dc8f359e881544e3cc214108"},
    {file = "pygame-2.6.0-cp39-cp39-manylinux_2_17_x86_64.manylinux2014_x86_64.whl", hash = "sha256:c0cb7bdf3ee0233a3ac02ef777c01dfe315e6d4670f1312c83b91c1ef124359a"},
    {file = "pygame-2.6.0-cp39-cp39-win32.whl", hash = "sha256:ac906478ae489bb837bf6d2ae1eb9261d658aa2c34fa5b283027a04149bda81a"},
    {file = "pygame-2.6.0-cp39-cp39-win_amd64.whl", hash = "sha256:92cf12a9722f6f0bdc5520d8925a8f085cff9c054a2ea462fc409cba3781be27"},
    {file = "pygame-2.6.0-pp36-pypy36_pp73-win32.whl", hash = "sha256:a6636f452fdaddf604a060849feb84c056930b6a3c036214f607741f16aac942"},
    {file = "pygame-2.6.0-pp37-pypy37_pp73-manylinux_2_17_i686.manylinux2014_i686.whl", hash = "sha256:3dc242dc15d067d10f25c5b12a1da48ca9436d8e2d72353eaf757e83612fba2f"},
    {file = "pygame-2.6.0-pp37-pypy37_pp73-manylinux_2_17_x86_64.manylinux2014_x86_64.whl", hash = "sha256:f82df23598a281c8c342d3c90be213c8fe762a26c15815511f60d0aac6e03a70"},
    {file = "pygame-2.6.0-pp38-pypy38_pp73-macosx_10_9_x86_64.whl", hash = "sha256:2ed2539bb6bd211fc570b1169dc4a64a74ec5cd95741e62a0ab46bd18fe08e0d"},
    {file = "pygame-2.6.0-pp38-pypy38_pp73-manylinux_2_17_i686.manylinux2014_i686.whl", hash = "sha256:904aaf29710c6b03a7e1a65b198f5467ed6525e8e60bdcc5e90ff8584c1d54ea"},
    {file = "pygame-2.6.0-pp38-pypy38_pp73-manylinux_2_17_x86_64.manylinux2014_x86_64.whl", hash = "sha256:fcd28f96f0fffd28e71a98773843074597e10d7f55a098e2e5bcb2bef1bdcbf5"},
    {file = "pygame-2.6.0-pp39-pypy39_pp73-macosx_10_9_x86_64.whl", hash = "sha256:4fad1ab33443ecd4f958dbbb67fc09fcdc7a37e26c34054e3296fb7e26ad641e"},
    {file = "pygame-2.6.0-pp39-pypy39_pp73-manylinux_2_17_i686.manylinux2014_i686.whl", hash = "sha256:e909186d4d512add39b662904f0f79b73028fbfc4fbfdaf6f9412aed4e500e9c"},
    {file = "pygame-2.6.0-pp39-pypy39_pp73-manylinux_2_17_x86_64.manylinux2014_x86_64.whl", hash = "sha256:79abcbf6d12fce51a955a0652ccd50b6d0a355baa27799535eaf21efb43433dd"},
    {file = "pygame-2.6.0.tar.gz", hash = "sha256:722d33ae676aa8533c1f955eded966411298831346b8d51a77dad22e46ba3e35"},
]

[[package]]
name = "setuptools"
version = "70.3.0"
description = "Easily download, build, install, upgrade, and uninstall Python packages"
optional = false
python-versions = ">=3.8"
files = [
    {file = "setuptools-70.3.0-py3-none-any.whl", hash = "sha256:fe384da74336c398e0d956d1cae0669bc02eed936cdb1d49b57de1990dc11ffc"},
    {file = "setuptools-70.3.0.tar.gz", hash = "sha256:f171bab1dfbc86b132997f26a119f6056a57950d058587841a0082e8830f9dc5"},
]

[package.extras]
doc = ["furo", "jaraco.packaging (>=9.3)", "jaraco.tidelift (>=1.4)", "pygments-github-lexers (==0.0.5)", "pyproject-hooks (!=1.1)", "rst.linker (>=1.9)", "sphinx (>=3.5)", "sphinx-favicon", "sphinx-inline-tabs", "sphinx-lint", "sphinx-notfound-page (>=1,<2)", "sphinx-reredirects", "sphinxcontrib-towncrier"]
test = ["build[virtualenv] (>=1.0.3)", "filelock (>=3.4.0)", "importlib-metadata", "ini2toml[lite] (>=0.14)", "jaraco.develop (>=7.21)", "jaraco.envs (>=2.2)", "jaraco.path (>=3.2.0)", "jaraco.test", "mypy (==1.10.0)", "packaging (>=23.2)", "pip (>=19.1)", "pyproject-hooks (!=1.1)", "pytest (>=6,!=8.1.*)", "pytest-checkdocs (>=2.4)", "pytest-cov", "pytest-enabler (>=2.2)", "pytest-home (>=0.5)", "pytest-mypy", "pytest-perf", "pytest-ruff (>=0.3.2)", "pytest-subprocess", "pytest-timeout", "pytest-xdist (>=3)", "tomli", "tomli-w (>=1.0.0)", "virtualenv (>=13.0.0)", "wheel"]

[[package]]
name = "wheel"
version = "0.43.0"
description = "A built-package format for Python"
optional = false
python-versions = ">=3.8"
files = [
    {file = "wheel-0.43.0-py3-none-any.whl", hash = "sha256:55c570405f142630c6b9f72fe09d9b67cf1477fcf543ae5b8dcb1f5b7377da81"},
    {file = "wheel-0.43.0.tar.gz", hash = "sha256:465ef92c69fa5c5da2d1cf8ac40559a8c940886afcef87dcf14b9470862f1d85"},
]

[package.extras]
test = ["pytest (>=6.0.0)", "setuptools (>=65)"]

[metadata]
lock-version = "2.0"
python-versions = "^3.12"
content-hash = "ffc9661409e677d103af0986106b23549cec9280b356ea8dacf956ea85d46039"
